
Microsoft Visual Studio Solution File, Format Version 12.00
# Visual Studio Version 16
VisualStudioVersion = 16.0.29424.173
MinimumVisualStudioVersion = 10.0.40219.1
Project("{9A19103F-16F7-4668-BE54-9A1E7A4F7556}") = "Toy.Robot.Simulator", "Toy.Robot.Simulator\Toy.Robot.Simulator.csproj", "{41A2B834-B234-4F75-A84A-D69F5B9587FC}"
EndProject
Project("{2150E333-8FDC-42A3-9474-1A3956D46DE8}") = "SolutionItems", "SolutionItems", "{F3D06D7A-EAB1-464C-9449-5731A113AB10}"
	ProjectSection(SolutionItems) = preProject
		README.MD = README.MD
	EndProjectSection
EndProject
Project("{FAE04EC0-301F-11D3-BF4B-00C04F79EFBC}") = "Toy.Robot.Simulator.Tests", "Toy.Robot.Simulator.Tests\Toy.Robot.Simulator.Tests.csproj", "{8944F8F2-ABB3-4B21-99DA-121C74102C9C}"
EndProject
Global
	GlobalSection(SolutionConfigurationPlatforms) = preSolution
		Debug|Any CPU = Debug|Any CPU
		Release|Any CPU = Release|Any CPU
	EndGlobalSection
	GlobalSection(ProjectConfigurationPlatforms) = postSolution
		{41A2B834-B234-4F75-A84A-D69F5B9587FC}.Debug|Any CPU.ActiveCfg = Debug|Any CPU
		{41A2B834-B234-4F75-A84A-D69F5B9587FC}.Debug|Any CPU.Build.0 = Debug|Any CPU
		{41A2B834-B234-4F75-A84A-D69F5B9587FC}.Release|Any CPU.ActiveCfg = Release|Any CPU
		{41A2B834-B234-4F75-A84A-D69F5B9587FC}.Release|Any CPU.Build.0 = Release|Any CPU
		{8944F8F2-ABB3-4B21-99DA-121C74102C9C}.Debug|Any CPU.ActiveCfg = Debug|Any CPU
		{8944F8F2-ABB3-4B21-99DA-121C74102C9C}.Debug|Any CPU.Build.0 = Debug|Any CPU
		{8944F8F2-ABB3-4B21-99DA-121C74102C9C}.Release|Any CPU.ActiveCfg = Release|Any CPU
		{8944F8F2-ABB3-4B21-99DA-121C74102C9C}.Release|Any CPU.Build.0 = Release|Any CPU
	EndGlobalSection
	GlobalSection(SolutionProperties) = preSolution
		HideSolutionNode = FALSE
	EndGlobalSection
	GlobalSection(ExtensibilityGlobals) = postSolution
		SolutionGuid = {45AD712D-9CCD-4D90-B622-C0E216EA6314}
	EndGlobalSection
EndGlobal
